// !$*UTF8*$!
{
	archiveVersion = 1;
	classes = {
	};
	objectVersion = 55;
	objects = {

/* Begin PBXBuildFile section */
		BA926C3D279F72840071736B /* simd-extensions.swift in Sources */ = {isa = PBXBuildFile; fileRef = BA926C3C279F72840071736B /* simd-extensions.swift */; };
		BAD1B378279F3C9200DC9672 /* AppDelegate.swift in Sources */ = {isa = PBXBuildFile; fileRef = BAD1B377279F3C9200DC9672 /* AppDelegate.swift */; };
		BAD1B37A279F3C9200DC9672 /* ViewController.swift in Sources */ = {isa = PBXBuildFile; fileRef = BAD1B379279F3C9200DC9672 /* ViewController.swift */; };
		BAD1B37C279F3C9300DC9672 /* Assets.xcassets in Resources */ = {isa = PBXBuildFile; fileRef = BAD1B37B279F3C9300DC9672 /* Assets.xcassets */; };
		BAD1B37F279F3C9300DC9672 /* Main.storyboard in Resources */ = {isa = PBXBuildFile; fileRef = BAD1B37D279F3C9300DC9672 /* Main.storyboard */; };
		BAD1B387279F3FA500DC9672 /* Renderer.swift in Sources */ = {isa = PBXBuildFile; fileRef = BAD1B386279F3FA500DC9672 /* Renderer.swift */; };
		BAD1B389279F44E700DC9672 /* Box.metal in Sources */ = {isa = PBXBuildFile; fileRef = BAD1B388279F44E700DC9672 /* Box.metal */; };
		BAD1B38F279F560500DC9672 /* IndexedGeomtry.swift in Sources */ = {isa = PBXBuildFile; fileRef = BAD1B38E279F560500DC9672 /* IndexedGeomtry.swift */; };
		BAD1B391279F5D2600DC9672 /* Box.swift in Sources */ = {isa = PBXBuildFile; fileRef = BAD1B390279F5D2600DC9672 /* Box.swift */; };
		BAD1B393279F64BC00DC9672 /* Camera.swift in Sources */ = {isa = PBXBuildFile; fileRef = BAD1B392279F64BC00DC9672 /* Camera.swift */; };
/* End PBXBuildFile section */

/* Begin PBXFileReference section */
		BA926C3C279F72840071736B /* simd-extensions.swift */ = {isa = PBXFileReference; lastKnownFileType = sourcecode.swift; path = "simd-extensions.swift"; sourceTree = "<group>"; };
		BAD1B374279F3C9200DC9672 /* MetalParticles.app */ = {isa = PBXFileReference; explicitFileType = wrapper.application; includeInIndex = 0; path = MetalParticles.app; sourceTree = BUILT_PRODUCTS_DIR; };
		BAD1B377279F3C9200DC9672 /* AppDelegate.swift */ = {isa = PBXFileReference; lastKnownFileType = sourcecode.swift; path = AppDelegate.swift; sourceTree = "<group>"; };
		BAD1B379279F3C9200DC9672 /* ViewController.swift */ = {isa = PBXFileReference; lastKnownFileType = sourcecode.swift; path = ViewController.swift; sourceTree = "<group>"; };
		BAD1B37B279F3C9300DC9672 /* Assets.xcassets */ = {isa = PBXFileReference; lastKnownFileType = folder.assetcatalog; path = Assets.xcassets; sourceTree = "<group>"; };
		BAD1B37E279F3C9300DC9672 /* Base */ = {isa = PBXFileReference; lastKnownFileType = file.storyboard; name = Base; path = Base.lproj/Main.storyboard; sourceTree = "<group>"; };
		BAD1B380279F3C9300DC9672 /* MetalParticles.entitlements */ = {isa = PBXFileReference; lastKnownFileType = text.plist.entitlements; path = MetalParticles.entitlements; sourceTree = "<group>"; };
		BAD1B386279F3FA500DC9672 /* Renderer.swift */ = {isa = PBXFileReference; lastKnownFileType = sourcecode.swift; path = Renderer.swift; sourceTree = "<group>"; };
		BAD1B388279F44E700DC9672 /* Box.metal */ = {isa = PBXFileReference; lastKnownFileType = sourcecode.metal; path = Box.metal; sourceTree = "<group>"; };
		BAD1B38A279F4A8100DC9672 /* ShaderDefinitions.h */ = {isa = PBXFileReference; lastKnownFileType = sourcecode.c.h; path = ShaderDefinitions.h; sourceTree = "<group>"; };
		BAD1B38B279F4ADB00DC9672 /* MetalParticles-Bridging-Header.h */ = {isa = PBXFileReference; lastKnownFileType = sourcecode.c.h; path = "MetalParticles-Bridging-Header.h"; sourceTree = "<group>"; };
		BAD1B38E279F560500DC9672 /* IndexedGeomtry.swift */ = {isa = PBXFileReference; lastKnownFileType = sourcecode.swift; path = IndexedGeomtry.swift; sourceTree = "<group>"; };
		BAD1B390279F5D2600DC9672 /* Box.swift */ = {isa = PBXFileReference; lastKnownFileType = sourcecode.swift; path = Box.swift; sourceTree = "<group>"; };
		BAD1B392279F64BC00DC9672 /* Camera.swift */ = {isa = PBXFileReference; lastKnownFileType = sourcecode.swift; path = Camera.swift; sourceTree = "<group>"; };
/* End PBXFileReference section */

/* Begin PBXFrameworksBuildPhase section */
		BAD1B371279F3C9200DC9672 /* Frameworks */ = {
			isa = PBXFrameworksBuildPhase;
			buildActionMask = 2147483647;
			files = (
			);
			runOnlyForDeploymentPostprocessing = 0;
		};
/* End PBXFrameworksBuildPhase section */

/* Begin PBXGroup section */
		BAD1B36B279F3C9200DC9672 = {
			isa = PBXGroup;
			children = (
				BAD1B376279F3C9200DC9672 /* MetalParticles */,
				BAD1B375279F3C9200DC9672 /* Products */,
			);
			sourceTree = "<group>";
		};
		BAD1B375279F3C9200DC9672 /* Products */ = {
			isa = PBXGroup;
			children = (
				BAD1B374279F3C9200DC9672 /* MetalParticles.app */,
			);
			name = Products;
			sourceTree = "<group>";
		};
		BAD1B376279F3C9200DC9672 /* MetalParticles */ = {
			isa = PBXGroup;
			children = (
				BAD1B377279F3C9200DC9672 /* AppDelegate.swift */,
				BAD1B37B279F3C9300DC9672 /* Assets.xcassets */,
				BAD1B388279F44E700DC9672 /* Box.metal */,
				BAD1B390279F5D2600DC9672 /* Box.swift */,
				BAD1B392279F64BC00DC9672 /* Camera.swift */,
				BA926C3C279F72840071736B /* simd-extensions.swift */,
				BAD1B38E279F560500DC9672 /* IndexedGeomtry.swift */,
				BAD1B37D279F3C9300DC9672 /* Main.storyboard */,
				BAD1B38B279F4ADB00DC9672 /* MetalParticles-Bridging-Header.h */,
				BAD1B380279F3C9300DC9672 /* MetalParticles.entitlements */,
				BAD1B386279F3FA500DC9672 /* Renderer.swift */,
				BAD1B38A279F4A8100DC9672 /* ShaderDefinitions.h */,
				BAD1B379279F3C9200DC9672 /* ViewController.swift */,
			);
			path = MetalParticles;
			sourceTree = "<group>";
		};
/* End PBXGroup section */

/* Begin PBXNativeTarget section */
		BAD1B373279F3C9200DC9672 /* MetalParticles */ = {
			isa = PBXNativeTarget;
			buildConfigurationList = BAD1B383279F3C9300DC9672 /* Build configuration list for PBXNativeTarget "MetalParticles" */;
			buildPhases = (
				BAD1B370279F3C9200DC9672 /* Sources */,
				BAD1B371279F3C9200DC9672 /* Frameworks */,
				BAD1B372279F3C9200DC9672 /* Resources */,
			);
			buildRules = (
			);
			dependencies = (
			);
			name = MetalParticles;
			productName = MetalParticles;
			productReference = BAD1B374279F3C9200DC9672 /* MetalParticles.app */;
			productType = "com.apple.product-type.application";
		};
/* End PBXNativeTarget section */

/* Begin PBXProject section */
		BAD1B36C279F3C9200DC9672 /* Project object */ = {
			isa = PBXProject;
			attributes = {
				BuildIndependentTargetsInParallel = 1;
				LastSwiftUpdateCheck = 1320;
				LastUpgradeCheck = 1320;
				TargetAttributes = {
					BAD1B373279F3C9200DC9672 = {
						CreatedOnToolsVersion = 13.2.1;
						LastSwiftMigration = 1320;
					};
				};
			};
			buildConfigurationList = BAD1B36F279F3C9200DC9672 /* Build configuration list for PBXProject "MetalParticles" */;
			compatibilityVersion = "Xcode 13.0";
			developmentRegion = en;
			hasScannedForEncodings = 0;
			knownRegions = (
				en,
				Base,
			);
			mainGroup = BAD1B36B279F3C9200DC9672;
			productRefGroup = BAD1B375279F3C9200DC9672 /* Products */;
			projectDirPath = "";
			projectRoot = "";
			targets = (
				BAD1B373279F3C9200DC9672 /* MetalParticles */,
			);
		};
/* End PBXProject section */

/* Begin PBXResourcesBuildPhase section */
		BAD1B372279F3C9200DC9672 /* Resources */ = {
			isa = PBXResourcesBuildPhase;
			buildActionMask = 2147483647;
			files = (
				BAD1B37C279F3C9300DC9672 /* Assets.xcassets in Resources */,
				BAD1B37F279F3C9300DC9672 /* Main.storyboard in Resources */,
			);
			runOnlyForDeploymentPostprocessing = 0;
		};
/* End PBXResourcesBuildPhase section */

/* Begin PBXSourcesBuildPhase section */
		BAD1B370279F3C9200DC9672 /* Sources */ = {
			isa = PBXSourcesBuildPhase;
			buildActionMask = 2147483647;
			files = (
				BA926C3D279F72840071736B /* simd-extensions.swift in Sources */,
				BAD1B37A279F3C9200DC9672 /* ViewController.swift in Sources */,
				BAD1B387279F3FA500DC9672 /* Renderer.swift in Sources */,
				BAD1B38F279F560500DC9672 /* IndexedGeomtry.swift in Sources */,
				BAD1B391279F5D2600DC9672 /* Box.swift in Sources */,
				BAD1B389279F44E700DC9672 /* Box.metal in Sources */,
				BAD1B393279F64BC00DC9672 /* Camera.swift in Sources */,
				BAD1B378279F3C9200DC9672 /* AppDelegate.swift in Sources */,
			);
			runOnlyForDeploymentPostprocessing = 0;
		};
/* End PBXSourcesBuildPhase section */

/* Begin PBXVariantGroup section */
		BAD1B37D279F3C9300DC9672 /* Main.storyboard */ = {
			isa = PBXVariantGroup;
			children = (
				BAD1B37E279F3C9300DC9672 /* Base */,
			);
			name = Main.storyboard;
			sourceTree = "<group>";
		};
/* End PBXVariantGroup section */

/* Begin XCBuildConfiguration section */
		BAD1B381279F3C9300DC9672 /* Debug */ = {
			isa = XCBuildConfiguration;
			buildSettings = {
				ALWAYS_SEARCH_USER_PATHS = NO;
				CLANG_ANALYZER_NONNULL = YES;
				CLANG_ANALYZER_NUMBER_OBJECT_CONVERSION = YES_AGGRESSIVE;
				CLANG_CXX_LANGUAGE_STANDARD = "gnu++17";
				CLANG_CXX_LIBRARY = "libc++";
				CLANG_ENABLE_MODULES = YES;
				CLANG_ENABLE_OBJC_ARC = YES;
				CLANG_ENABLE_OBJC_WEAK = YES;
				CLANG_WARN_BLOCK_CAPTURE_AUTORELEASING = YES;
				CLANG_WARN_BOOL_CONVERSION = YES;
				CLANG_WARN_COMMA = YES;
				CLANG_WARN_CONSTANT_CONVERSION = YES;
				CLANG_WARN_DEPRECATED_OBJC_IMPLEMENTATIONS = YES;
				CLANG_WARN_DIRECT_OBJC_ISA_USAGE = YES_ERROR;
				CLANG_WARN_DOCUMENTATION_COMMENTS = YES;
				CLANG_WARN_EMPTY_BODY = YES;
				CLANG_WARN_ENUM_CONVERSION = YES;
				CLANG_WARN_INFINITE_RECURSION = YES;
				CLANG_WARN_INT_CONVERSION = YES;
				CLANG_WARN_NON_LITERAL_NULL_CONVERSION = YES;
				CLANG_WARN_OBJC_IMPLICIT_RETAIN_SELF = YES;
				CLANG_WARN_OBJC_LITERAL_CONVERSION = YES;
				CLANG_WARN_OBJC_ROOT_CLASS = YES_ERROR;
				CLANG_WARN_QUOTED_INCLUDE_IN_FRAMEWORK_HEADER = YES;
				CLANG_WARN_RANGE_LOOP_ANALYSIS = YES;
				CLANG_WARN_STRICT_PROTOTYPES = YES;
				CLANG_WARN_SUSPICIOUS_MOVE = YES;
				CLANG_WARN_UNGUARDED_AVAILABILITY = YES_AGGRESSIVE;
				CLANG_WARN_UNREACHABLE_CODE = YES;
				CLANG_WARN__DUPLICATE_METHOD_MATCH = YES;
				COPY_PHASE_STRIP = NO;
				DEBUG_INFORMATION_FORMAT = dwarf;
				ENABLE_STRICT_OBJC_MSGSEND = YES;
				ENABLE_TESTABILITY = YES;
				GCC_C_LANGUAGE_STANDARD = gnu11;
				GCC_DYNAMIC_NO_PIC = NO;
				GCC_NO_COMMON_BLOCKS = YES;
				GCC_OPTIMIZATION_LEVEL = 0;
				GCC_PREPROCESSOR_DEFINITIONS = (
					"DEBUG=1",
					"$(inherited)",
				);
				GCC_WARN_64_TO_32_BIT_CONVERSION = YES;
				GCC_WARN_ABOUT_RETURN_TYPE = YES_ERROR;
				GCC_WARN_UNDECLARED_SELECTOR = YES;
				GCC_WARN_UNINITIALIZED_AUTOS = YES_AGGRESSIVE;
				GCC_WARN_UNUSED_FUNCTION = YES;
				GCC_WARN_UNUSED_VARIABLE = YES;
				MACOSX_DEPLOYMENT_TARGET = 12.1;
				MTL_ENABLE_DEBUG_INFO = INCLUDE_SOURCE;
				MTL_FAST_MATH = YES;
				ONLY_ACTIVE_ARCH = YES;
				SDKROOT = macosx;
				SWIFT_ACTIVE_COMPILATION_CONDITIONS = DEBUG;
				SWIFT_OPTIMIZATION_LEVEL = "-Onone";
			};
			name = Debug;
		};
		BAD1B382279F3C9300DC9672 /* Release */ = {
			isa = XCBuildConfiguration;
			buildSettings = {
				ALWAYS_SEARCH_USER_PATHS = NO;
				CLANG_ANALYZER_NONNULL = YES;
				CLANG_ANALYZER_NUMBER_OBJECT_CONVERSION = YES_AGGRESSIVE;
				CLANG_CXX_LANGUAGE_STANDARD = "gnu++17";
				CLANG_CXX_LIBRARY = "libc++";
				CLANG_ENABLE_MODULES = YES;
				CLANG_ENABLE_OBJC_ARC = YES;
				CLANG_ENABLE_OBJC_WEAK = YES;
				CLANG_WARN_BLOCK_CAPTURE_AUTORELEASING = YES;
				CLANG_WARN_BOOL_CONVERSION = YES;
				CLANG_WARN_COMMA = YES;
				CLANG_WARN_CONSTANT_CONVERSION = YES;
				CLANG_WARN_DEPRECATED_OBJC_IMPLEMENTATIONS = YES;
				CLANG_WARN_DIRECT_OBJC_ISA_USAGE = YES_ERROR;
				CLANG_WARN_DOCUMENTATION_COMMENTS = YES;
				CLANG_WARN_EMPTY_BODY = YES;
				CLANG_WARN_ENUM_CONVERSION = YES;
				CLANG_WARN_INFINITE_RECURSION = YES;
				CLANG_WARN_INT_CONVERSION = YES;
				CLANG_WARN_NON_LITERAL_NULL_CONVERSION = YES;
				CLANG_WARN_OBJC_IMPLICIT_RETAIN_SELF = YES;
				CLANG_WARN_OBJC_LITERAL_CONVERSION = YES;
				CLANG_WARN_OBJC_ROOT_CLASS = YES_ERROR;
				CLANG_WARN_QUOTED_INCLUDE_IN_FRAMEWORK_HEADER = YES;
				CLANG_WARN_RANGE_LOOP_ANALYSIS = YES;
				CLANG_WARN_STRICT_PROTOTYPES = YES;
				CLANG_WARN_SUSPICIOUS_MOVE = YES;
				CLANG_WARN_UNGUARDED_AVAILABILITY = YES_AGGRESSIVE;
				CLANG_WARN_UNREACHABLE_CODE = YES;
				CLANG_WARN__DUPLICATE_METHOD_MATCH = YES;
				COPY_PHASE_STRIP = NO;
				DEBUG_INFORMATION_FORMAT = "dwarf-with-dsym";
				ENABLE_NS_ASSERTIONS = NO;
				ENABLE_STRICT_OBJC_MSGSEND = YES;
				GCC_C_LANGUAGE_STANDARD = gnu11;
				GCC_NO_COMMON_BLOCKS = YES;
				GCC_WARN_64_TO_32_BIT_CONVERSION = YES;
				GCC_WARN_ABOUT_RETURN_TYPE = YES_ERROR;
				GCC_WARN_UNDECLARED_SELECTOR = YES;
				GCC_WARN_UNINITIALIZED_AUTOS = YES_AGGRESSIVE;
				GCC_WARN_UNUSED_FUNCTION = YES;
				GCC_WARN_UNUSED_VARIABLE = YES;
				MACOSX_DEPLOYMENT_TARGET = 12.1;
				MTL_ENABLE_DEBUG_INFO = NO;
				MTL_FAST_MATH = YES;
				SDKROOT = macosx;
				SWIFT_COMPILATION_MODE = wholemodule;
				SWIFT_OPTIMIZATION_LEVEL = "-O";
			};
			name = Release;
		};
		BAD1B384279F3C9300DC9672 /* Debug */ = {
			isa = XCBuildConfiguration;
			buildSettings = {
				ASSETCATALOG_COMPILER_APPICON_NAME = AppIcon;
				ASSETCATALOG_COMPILER_GLOBAL_ACCENT_COLOR_NAME = AccentColor;
				CLANG_ENABLE_MODULES = YES;
				CODE_SIGN_ENTITLEMENTS = MetalParticles/MetalParticles.entitlements;
				CODE_SIGN_STYLE = Automatic;
				COMBINE_HIDPI_IMAGES = YES;
				CURRENT_PROJECT_VERSION = 1;
				GENERATE_INFOPLIST_FILE = YES;
				INFOPLIST_KEY_NSHumanReadableCopyright = "";
				INFOPLIST_KEY_NSMainStoryboardFile = Main;
				INFOPLIST_KEY_NSPrincipalClass = NSApplication;
				LD_RUNPATH_SEARCH_PATHS = (
					"$(inherited)",
					"@executable_path/../Frameworks",
				);
				MARKETING_VERSION = 1.0;
				PRODUCT_BUNDLE_IDENTIFIER = org.example.MetalParticles;
				PRODUCT_NAME = "$(TARGET_NAME)";
				SWIFT_EMIT_LOC_STRINGS = YES;
				SWIFT_OBJC_BRIDGING_HEADER = "MetalParticles/MetalParticles-Bridging-Header.h";
				SWIFT_OPTIMIZATION_LEVEL = "-Onone";
				SWIFT_VERSION = 5.0;
			};
			name = Debug;
		};
		BAD1B385279F3C9300DC9672 /* Release */ = {
			isa = XCBuildConfiguration;
			buildSettings = {
				ASSETCATALOG_COMPILER_APPICON_NAME = AppIcon;
				ASSETCATALOG_COMPILER_GLOBAL_ACCENT_COLOR_NAME = AccentColor;
				CLANG_ENABLE_MODULES = YES;
				CODE_SIGN_ENTITLEMENTS = MetalParticles/MetalParticles.entitlements;
				CODE_SIGN_STYLE = Automatic;
				COMBINE_HIDPI_IMAGES = YES;
				CURRENT_PROJECT_VERSION = 1;
				GENERATE_INFOPLIST_FILE = YES;
				INFOPLIST_KEY_NSHumanReadableCopyright = "";
				INFOPLIST_KEY_NSMainStoryboardFile = Main;
				INFOPLIST_KEY_NSPrincipalClass = NSApplication;
				LD_RUNPATH_SEARCH_PATHS = (
					"$(inherited)",
					"@executable_path/../Frameworks",
				);
				MARKETING_VERSION = 1.0;
				PRODUCT_BUNDLE_IDENTIFIER = org.example.MetalParticles;
				PRODUCT_NAME = "$(TARGET_NAME)";
				SWIFT_EMIT_LOC_STRINGS = YES;
				SWIFT_OBJC_BRIDGING_HEADER = "MetalParticles/MetalParticles-Bridging-Header.h";
				SWIFT_VERSION = 5.0;
			};
			name = Release;
		};
/* End XCBuildConfiguration section */

/* Begin XCConfigurationList section */
		BAD1B36F279F3C9200DC9672 /* Build configuration list for PBXProject "MetalParticles" */ = {
			isa = XCConfigurationList;
			buildConfigurations = (
				BAD1B381279F3C9300DC9672 /* Debug */,
				BAD1B382279F3C9300DC9672 /* Release */,
			);
			defaultConfigurationIsVisible = 0;
			defaultConfigurationName = Release;
		};
		BAD1B383279F3C9300DC9672 /* Build configuration list for PBXNativeTarget "MetalParticles" */ = {
			isa = XCConfigurationList;
			buildConfigurations = (
				BAD1B384279F3C9300DC9672 /* Debug */,
				BAD1B385279F3C9300DC9672 /* Release */,
			);
			defaultConfigurationIsVisible = 0;
			defaultConfigurationName = Release;
		};
/* End XCConfigurationList section */
	};
	rootObject = BAD1B36C279F3C9200DC9672 /* Project object */;
}
